# THIS IS AN AUTOGENERATED FILE. DO NOT EDIT THIS FILE DIRECTLY.
# yarn lockfile v1


directory-tree@^2.2.9:
  version "2.2.9"
  resolved "https://registry.yarnpkg.com/directory-tree/-/directory-tree-2.2.9.tgz#702c193f8b19f1076b585bcf8a2db3b49b11a11c"
  integrity sha512-BOHxPNvP+XWijPkzoSBvr164IiNxRzvyAiWelbJsU/wG5OYXByer0+Aqo74G1qU+nRKC4yU/czmkmunkWdPPvQ==
